// !$*UTF8*$!
{
	archiveVersion = 1;
	classes = {
	};
	objectVersion = 46;
	objects = {

/* Begin PBXBuildFile section */
		D41924021507535900D43E67 /* UIKit.framework in Frameworks */ = {isa = PBXBuildFile; fileRef = D41924011507535900D43E67 /* UIKit.framework */; };
		D41924041507535900D43E67 /* Foundation.framework in Frameworks */ = {isa = PBXBuildFile; fileRef = D41924031507535900D43E67 /* Foundation.framework */; };
		D41924061507535900D43E67 /* CoreGraphics.framework in Frameworks */ = {isa = PBXBuildFile; fileRef = D41924051507535900D43E67 /* CoreGraphics.framework */; };
		D419240C1507535900D43E67 /* InfoPlist.strings in Resources */ = {isa = PBXBuildFile; fileRef = D419240A1507535900D43E67 /* InfoPlist.strings */; };
		D419240E1507535900D43E67 /* main.m in Sources */ = {isa = PBXBuildFile; fileRef = D419240D1507535900D43E67 /* main.m */; };
		D41924121507535900D43E67 /* SCAppDelegate.m in Sources */ = {isa = PBXBuildFile; fileRef = D41924111507535900D43E67 /* SCAppDelegate.m */; };
		D41924151507535900D43E67 /* SCViewController.m in Sources */ = {isa = PBXBuildFile; fileRef = D41924141507535900D43E67 /* SCViewController.m */; };
		D41924181507535900D43E67 /* SCViewController.xib in Resources */ = {isa = PBXBuildFile; fileRef = D41924161507535900D43E67 /* SCViewController.xib */; };
/* End PBXBuildFile section */

/* Begin PBXFileReference section */
		D41923FD1507535900D43E67 /* SillyCal.app */ = {isa = PBXFileReference; explicitFileType = wrapper.application; includeInIndex = 0; path = SillyCal.app; sourceTree = BUILT_PRODUCTS_DIR; };
		D41924011507535900D43E67 /* UIKit.framework */ = {isa = PBXFileReference; lastKnownFileType = wrapper.framework; name = UIKit.framework; path = System/Library/Frameworks/UIKit.framework; sourceTree = SDKROOT; };
		D41924031507535900D43E67 /* Foundation.framework */ = {isa = PBXFileReference; lastKnownFileType = wrapper.framework; name = Foundation.framework; path = System/Library/Frameworks/Foundation.framework; sourceTree = SDKROOT; };
		D41924051507535900D43E67 /* CoreGraphics.framework */ = {isa = PBXFileReference; lastKnownFileType = wrapper.framework; name = CoreGraphics.framework; path = System/Library/Frameworks/CoreGraphics.framework; sourceTree = SDKROOT; };
		D41924091507535900D43E67 /* SillyCal-Info.plist */ = {isa = PBXFileReference; lastKnownFileType = text.plist.xml; path = "SillyCal-Info.plist"; sourceTree = "<group>"; };
		D419240B1507535900D43E67 /* en */ = {isa = PBXFileReference; lastKnownFileType = text.plist.strings; name = en; path = en.lproj/InfoPlist.strings; sourceTree = "<group>"; };
		D419240D1507535900D43E67 /* main.m */ = {isa = PBXFileReference; lastKnownFileType = sourcecode.c.objc; path = main.m; sourceTree = "<group>"; };
		D419240F1507535900D43E67 /* SillyCal-Prefix.pch */ = {isa = PBXFileReference; lastKnownFileType = sourcecode.c.h; path = "SillyCal-Prefix.pch"; sourceTree = "<group>"; };
		D41924101507535900D43E67 /* SCAppDelegate.h */ = {isa = PBXFileReference; lastKnownFileType = sourcecode.c.h; path = SCAppDelegate.h; sourceTree = "<group>"; };
		D41924111507535900D43E67 /* SCAppDelegate.m */ = {isa = PBXFileReference; lastKnownFileType = sourcecode.c.objc; path = SCAppDelegate.m; sourceTree = "<group>"; };
		D41924131507535900D43E67 /* SCViewController.h */ = {isa = PBXFileReference; lastKnownFileType = sourcecode.c.h; path = SCViewController.h; sourceTree = "<group>"; };
		D41924141507535900D43E67 /* SCViewController.m */ = {isa = PBXFileReference; lastKnownFileType = sourcecode.c.objc; path = SCViewController.m; sourceTree = "<group>"; };
		D41924171507535900D43E67 /* en */ = {isa = PBXFileReference; lastKnownFileType = file.xib; name = en; path = en.lproj/SCViewController.xib; sourceTree = "<group>"; };
/* End PBXFileReference section */

/* Begin PBXFrameworksBuildPhase section */
		D41923FA1507535900D43E67 /* Frameworks */ = {
			isa = PBXFrameworksBuildPhase;
			buildActionMask = 2147483647;
			files = (
				D41924021507535900D43E67 /* UIKit.framework in Frameworks */,
				D41924041507535900D43E67 /* Foundation.framework in Frameworks */,
				D41924061507535900D43E67 /* CoreGraphics.framework in Frameworks */,
			);
			runOnlyForDeploymentPostprocessing = 0;
		};
/* End PBXFrameworksBuildPhase section */

/* Begin PBXGroup section */
		D41923F21507535800D43E67 = {
			isa = PBXGroup;
			children = (
				D41924071507535900D43E67 /* SillyCal */,
				D41924001507535900D43E67 /* Frameworks */,
				D41923FE1507535900D43E67 /* Products */,
			);
			sourceTree = "<group>";
		};
		D41923FE1507535900D43E67 /* Products */ = {
			isa = PBXGroup;
			children = (
				D41923FD1507535900D43E67 /* SillyCal.app */,
			);
			name = Products;
			sourceTree = "<group>";
		};
		D41924001507535900D43E67 /* Frameworks */ = {
			isa = PBXGroup;
			children = (
				D41924011507535900D43E67 /* UIKit.framework */,
				D41924031507535900D43E67 /* Foundation.framework */,
				D41924051507535900D43E67 /* CoreGraphics.framework */,
			);
			name = Frameworks;
			sourceTree = "<group>";
		};
		D41924071507535900D43E67 /* SillyCal */ = {
			isa = PBXGroup;
			children = (
				D41924101507535900D43E67 /* SCAppDelegate.h */,
				D41924111507535900D43E67 /* SCAppDelegate.m */,
				D41924131507535900D43E67 /* SCViewController.h */,
				D41924141507535900D43E67 /* SCViewController.m */,
				D41924161507535900D43E67 /* SCViewController.xib */,
				D41924081507535900D43E67 /* Supporting Files */,
			);
			path = SillyCal;
			sourceTree = "<group>";
		};
		D41924081507535900D43E67 /* Supporting Files */ = {
			isa = PBXGroup;
			children = (
				D41924091507535900D43E67 /* SillyCal-Info.plist */,
				D419240A1507535900D43E67 /* InfoPlist.strings */,
				D419240D1507535900D43E67 /* main.m */,
				D419240F1507535900D43E67 /* SillyCal-Prefix.pch */,
			);
			name = "Supporting Files";
			sourceTree = "<group>";
		};
/* End PBXGroup section */

/* Begin PBXNativeTarget section */
		D41923FC1507535900D43E67 /* SillyCal */ = {
			isa = PBXNativeTarget;
			buildConfigurationList = D419241B1507535900D43E67 /* Build configuration list for PBXNativeTarget "SillyCal" */;
			buildPhases = (
				D41923F91507535900D43E67 /* Sources */,
				D41923FA1507535900D43E67 /* Frameworks */,
				D41923FB1507535900D43E67 /* Resources */,
			);
			buildRules = (
			);
			dependencies = (
			);
			name = SillyCal;
			productName = SillyCal;
			productReference = D41923FD1507535900D43E67 /* SillyCal.app */;
			productType = "com.apple.product-type.application";
		};
/* End PBXNativeTarget section */

/* Begin PBXProject section */
		D41923F41507535800D43E67 /* Project object */ = {
			isa = PBXProject;
			attributes = {
				CLASSPREFIX = SC;
				LastUpgradeCheck = 0430;
				ORGANIZATIONNAME = "";
			};
			buildConfigurationList = D41923F71507535800D43E67 /* Build configuration list for PBXProject "SillyCal" */;
			compatibilityVersion = "Xcode 3.2";
			developmentRegion = English;
			hasScannedForEncodings = 0;
			knownRegions = (
				en,
			);
			mainGroup = D41923F21507535800D43E67;
			productRefGroup = D41923FE1507535900D43E67 /* Products */;
			projectDirPath = "";
			projectRoot = "";
			targets = (
				D41923FC1507535900D43E67 /* SillyCal */,
			);
		};
/* End PBXProject section */

/* Begin PBXResourcesBuildPhase section */
		D41923FB1507535900D43E67 /* Resources */ = {
			isa = PBXResourcesBuildPhase;
			buildActionMask = 2147483647;
			files = (
				D419240C1507535900D43E67 /* InfoPlist.strings in Resources */,
				D41924181507535900D43E67 /* SCViewController.xib in Resources */,
			);
			runOnlyForDeploymentPostprocessing = 0;
		};
/* End PBXResourcesBuildPhase section */

/* Begin PBXSourcesBuildPhase section */
		D41923F91507535900D43E67 /* Sources */ = {
			isa = PBXSourcesBuildPhase;
			buildActionMask = 2147483647;
			files = (
				D419240E1507535900D43E67 /* main.m in Sources */,
				D41924121507535900D43E67 /* SCAppDelegate.m in Sources */,
				D41924151507535900D43E67 /* SCViewController.m in Sources */,
			);
			runOnlyForDeploymentPostprocessing = 0;
		};
/* End PBXSourcesBuildPhase section */

/* Begin PBXVariantGroup section */
		D419240A1507535900D43E67 /* InfoPlist.strings */ = {
			isa = PBXVariantGroup;
			children = (
				D419240B1507535900D43E67 /* en */,
			);
			name = InfoPlist.strings;
			sourceTree = "<group>";
		};
		D41924161507535900D43E67 /* SCViewController.xib */ = {
			isa = PBXVariantGroup;
			children = (
				D41924171507535900D43E67 /* en */,
			);
			name = SCViewController.xib;
			sourceTree = "<group>";
		};
/* End PBXVariantGroup section */

/* Begin XCBuildConfiguration section */
		D41924191507535900D43E67 /* Debug */ = {
			isa = XCBuildConfiguration;
			buildSettings = {
				ALWAYS_SEARCH_USER_PATHS = NO;
				ARCHS = "$(ARCHS_STANDARD_32_BIT)";
				"CODE_SIGN_IDENTITY[sdk=iphoneos*]" = "iPhone Developer";
				COPY_PHASE_STRIP = NO;
				GCC_C_LANGUAGE_STANDARD = gnu99;
				GCC_DYNAMIC_NO_PIC = NO;
				GCC_OPTIMIZATION_LEVEL = 0;
				GCC_PREPROCESSOR_DEFINITIONS = (
					"DEBUG=1",
					"$(inherited)",
				);
				GCC_SYMBOLS_PRIVATE_EXTERN = NO;
				GCC_VERSION = com.apple.compilers.llvm.clang.1_0;
				GCC_WARN_ABOUT_RETURN_TYPE = YES;
				GCC_WARN_UNINITIALIZED_AUTOS = YES;
				GCC_WARN_UNUSED_VARIABLE = YES;
				IPHONEOS_DEPLOYMENT_TARGET = 5.0;
				SDKROOT = iphoneos;
			};
			name = Debug;
		};
		D419241A1507535900D43E67 /* Release */ = {
			isa = XCBuildConfiguration;
			buildSettings = {
				ALWAYS_SEARCH_USER_PATHS = NO;
				ARCHS = "$(ARCHS_STANDARD_32_BIT)";
				"CODE_SIGN_IDENTITY[sdk=iphoneos*]" = "iPhone Developer";
				COPY_PHASE_STRIP = YES;
				GCC_C_LANGUAGE_STANDARD = gnu99;
				GCC_VERSION = com.apple.compilers.llvm.clang.1_0;
				GCC_WARN_ABOUT_RETURN_TYPE = YES;
				GCC_WARN_UNINITIALIZED_AUTOS = YES;
				GCC_WARN_UNUSED_VARIABLE = YES;
				IPHONEOS_DEPLOYMENT_TARGET = 5.0;
				OTHER_CFLAGS = "-DNS_BLOCK_ASSERTIONS=1";
				SDKROOT = iphoneos;
				VALIDATE_PRODUCT = YES;
			};
			name = Release;
		};
		D419241C1507535900D43E67 /* Debug */ = {
			isa = XCBuildConfiguration;
			buildSettings = {
				GCC_PRECOMPILE_PREFIX_HEADER = YES;
				GCC_PREFIX_HEADER = "SillyCal/SillyCal-Prefix.pch";
				INFOPLIST_FILE = "SillyCal/SillyCal-Info.plist";
				PRODUCT_NAME = "$(TARGET_NAME)";
				WRAPPER_EXTENSION = app;
			};
			name = Debug;
		};
		D419241D1507535900D43E67 /* Release */ = {
			isa = XCBuildConfiguration;
			buildSettings = {
				GCC_PRECOMPILE_PREFIX_HEADER = YES;
				GCC_PREFIX_HEADER = "SillyCal/SillyCal-Prefix.pch";
				INFOPLIST_FILE = "SillyCal/SillyCal-Info.plist";
				PRODUCT_NAME = "$(TARGET_NAME)";
				WRAPPER_EXTENSION = app;
			};
			name = Release;
		};
/* End XCBuildConfiguration section */

/* Begin XCConfigurationList section */
		D41923F71507535800D43E67 /* Build configuration list for PBXProject "SillyCal" */ = {
			isa = XCConfigurationList;
			buildConfigurations = (
				D41924191507535900D43E67 /* Debug */,
				D419241A1507535900D43E67 /* Release */,
			);
			defaultConfigurationIsVisible = 0;
			defaultConfigurationName = Release;
		};
		D419241B1507535900D43E67 /* Build configuration list for PBXNativeTarget "SillyCal" */ = {
			isa = XCConfigurationList;
			buildConfigurations = (
				D419241C1507535900D43E67 /* Debug */,
				D419241D1507535900D43E67 /* Release */,
			);
			defaultConfigurationIsVisible = 0;
		};
/* End XCConfigurationList section */
	};
	rootObject = D41923F41507535800D43E67 /* Project object */;
}
